
Microsoft Visual Studio Solution File, Format Version 12.00
# Visual Studio Version 17
VisualStudioVersion = 17.11.35222.181
MinimumVisualStudioVersion = 10.0.40219.1
Project("{9A19103F-16F7-4668-BE54-9A1E7A4F7556}") = "Lab 4 PAD", "Lab 4 PAD\Lab 4 PAD.csproj", "{AF8E7F08-1E96-403B-8DC5-A1D7DFD41942}"
EndProject
Project("{9A19103F-16F7-4668-BE54-9A1E7A4F7556}") = "BLL", "BLL\BLL.csproj", "{9BFD0350-2383-4151-AE2C-9C8724DDEFBC}"
EndProject
Project("{FAE04EC0-301F-11D3-BF4B-00C04F79EFBC}") = "DAL", "DAL\DAL.csproj", "{95D4F594-F4CC-4077-BBE9-AEE22C120704}"
EndProject
Project("{FAE04EC0-301F-11D3-BF4B-00C04F79EFBC}") = "DataContract", "DataContract\DataContract.csproj", "{5F23B475-A11A-457F-8E49-FD924BA89ED7}"
EndProject
Project("{FAE04EC0-301F-11D3-BF4B-00C04F79EFBC}") = "Domain", "Domain\Domain.csproj", "{F150EB87-DF8A-4689-AB32-E7439CBBB6DD}"
EndProject
Project("{00D1A9C2-B5F0-4AF3-8072-F6C62B433612}") = "PostMakerDatabase", "PostMakerDatabase\PostMakerDatabase.sqlproj", "{3184BF03-3635-4F23-96A4-79CFD71A53B2}"
EndProject
Global
	GlobalSection(SolutionConfigurationPlatforms) = preSolution
		Debug|Any CPU = Debug|Any CPU
		Release|Any CPU = Release|Any CPU
	EndGlobalSection
	GlobalSection(ProjectConfigurationPlatforms) = postSolution
		{AF8E7F08-1E96-403B-8DC5-A1D7DFD41942}.Debug|Any CPU.ActiveCfg = Debug|Any CPU
		{AF8E7F08-1E96-403B-8DC5-A1D7DFD41942}.Debug|Any CPU.Build.0 = Debug|Any CPU
		{AF8E7F08-1E96-403B-8DC5-A1D7DFD41942}.Release|Any CPU.ActiveCfg = Release|Any CPU
		{AF8E7F08-1E96-403B-8DC5-A1D7DFD41942}.Release|Any CPU.Build.0 = Release|Any CPU
		{9BFD0350-2383-4151-AE2C-9C8724DDEFBC}.Debug|Any CPU.ActiveCfg = Debug|Any CPU
		{9BFD0350-2383-4151-AE2C-9C8724DDEFBC}.Debug|Any CPU.Build.0 = Debug|Any CPU
		{9BFD0350-2383-4151-AE2C-9C8724DDEFBC}.Release|Any CPU.ActiveCfg = Release|Any CPU
		{9BFD0350-2383-4151-AE2C-9C8724DDEFBC}.Release|Any CPU.Build.0 = Release|Any CPU
		{95D4F594-F4CC-4077-BBE9-AEE22C120704}.Debug|Any CPU.ActiveCfg = Debug|Any CPU
		{95D4F594-F4CC-4077-BBE9-AEE22C120704}.Debug|Any CPU.Build.0 = Debug|Any CPU
		{95D4F594-F4CC-4077-BBE9-AEE22C120704}.Release|Any CPU.ActiveCfg = Release|Any CPU
		{95D4F594-F4CC-4077-BBE9-AEE22C120704}.Release|Any CPU.Build.0 = Release|Any CPU
		{5F23B475-A11A-457F-8E49-FD924BA89ED7}.Debug|Any CPU.ActiveCfg = Debug|Any CPU
		{5F23B475-A11A-457F-8E49-FD924BA89ED7}.Debug|Any CPU.Build.0 = Debug|Any CPU
		{5F23B475-A11A-457F-8E49-FD924BA89ED7}.Release|Any CPU.ActiveCfg = Release|Any CPU
		{5F23B475-A11A-457F-8E49-FD924BA89ED7}.Release|Any CPU.Build.0 = Release|Any CPU
		{F150EB87-DF8A-4689-AB32-E7439CBBB6DD}.Debug|Any CPU.ActiveCfg = Debug|Any CPU
		{F150EB87-DF8A-4689-AB32-E7439CBBB6DD}.Debug|Any CPU.Build.0 = Debug|Any CPU
		{F150EB87-DF8A-4689-AB32-E7439CBBB6DD}.Release|Any CPU.ActiveCfg = Release|Any CPU
		{F150EB87-DF8A-4689-AB32-E7439CBBB6DD}.Release|Any CPU.Build.0 = Release|Any CPU
		{3184BF03-3635-4F23-96A4-79CFD71A53B2}.Debug|Any CPU.ActiveCfg = Debug|Any CPU
		{3184BF03-3635-4F23-96A4-79CFD71A53B2}.Debug|Any CPU.Build.0 = Debug|Any CPU
		{3184BF03-3635-4F23-96A4-79CFD71A53B2}.Debug|Any CPU.Deploy.0 = Debug|Any CPU
		{3184BF03-3635-4F23-96A4-79CFD71A53B2}.Release|Any CPU.ActiveCfg = Release|Any CPU
		{3184BF03-3635-4F23-96A4-79CFD71A53B2}.Release|Any CPU.Build.0 = Release|Any CPU
		{3184BF03-3635-4F23-96A4-79CFD71A53B2}.Release|Any CPU.Deploy.0 = Release|Any CPU
	EndGlobalSection
	GlobalSection(SolutionProperties) = preSolution
		HideSolutionNode = FALSE
	EndGlobalSection
	GlobalSection(ExtensibilityGlobals) = postSolution
		SolutionGuid = {FE7DDC08-2954-486F-94B9-DFB80024099E}
	EndGlobalSection
EndGlobal
